// !$*UTF8*$!
{
	archiveVersion = 1;
	classes = {
	};
	objectVersion = 55;
	objects = {

/* Begin PBXBuildFile section */
		DC3445A32866463F0005C46F /* CharacterCollectionViewCell.swift in Sources */ = {isa = PBXBuildFile; fileRef = DC3445A12866463F0005C46F /* CharacterCollectionViewCell.swift */; };
		DC3445A42866463F0005C46F /* CharacterCollectionViewCell.xib in Resources */ = {isa = PBXBuildFile; fileRef = DC3445A22866463F0005C46F /* CharacterCollectionViewCell.xib */; };
		DC5608E128645B270066F3AA /* CustomCell.xib in Resources */ = {isa = PBXBuildFile; fileRef = DC5608E028645B270066F3AA /* CustomCell.xib */; };
		DC5608E828645E5A0066F3AA /* CustomCell.swift in Sources */ = {isa = PBXBuildFile; fileRef = DC5608E728645E5A0066F3AA /* CustomCell.swift */; };
		DC5608EB2864606C0066F3AA /* UIViewController-Extension.swift in Sources */ = {isa = PBXBuildFile; fileRef = DC5608EA2864606C0066F3AA /* UIViewController-Extension.swift */; };
		DC5608F0286462920066F3AA /* Router.swift in Sources */ = {isa = PBXBuildFile; fileRef = DC5608EF286462920066F3AA /* Router.swift */; };
		DC562FBF2863D6EF00EE4B99 /* AppDelegate.swift in Sources */ = {isa = PBXBuildFile; fileRef = DC562FBE2863D6EF00EE4B99 /* AppDelegate.swift */; };
		DC562FC12863D6EF00EE4B99 /* SceneDelegate.swift in Sources */ = {isa = PBXBuildFile; fileRef = DC562FC02863D6EF00EE4B99 /* SceneDelegate.swift */; };
		DC562FC32863D6EF00EE4B99 /* ViewController.swift in Sources */ = {isa = PBXBuildFile; fileRef = DC562FC22863D6EF00EE4B99 /* ViewController.swift */; };
		DC562FC62863D6EF00EE4B99 /* Main.storyboard in Resources */ = {isa = PBXBuildFile; fileRef = DC562FC42863D6EF00EE4B99 /* Main.storyboard */; };
		DC562FC82863D6EF00EE4B99 /* Assets.xcassets in Resources */ = {isa = PBXBuildFile; fileRef = DC562FC72863D6EF00EE4B99 /* Assets.xcassets */; };
		DC562FCB2863D6EF00EE4B99 /* LaunchScreen.storyboard in Resources */ = {isa = PBXBuildFile; fileRef = DC562FC92863D6EF00EE4B99 /* LaunchScreen.storyboard */; };
		DC71D39E2865041600E5E234 /* WeaponsVC.storyboard in Resources */ = {isa = PBXBuildFile; fileRef = DC71D39D2865041600E5E234 /* WeaponsVC.storyboard */; };
		DC71D3A02865043300E5E234 /* WeaponsVC.swift in Sources */ = {isa = PBXBuildFile; fileRef = DC71D39F2865043300E5E234 /* WeaponsVC.swift */; };
		DC71D3A22865045C00E5E234 /* WeaponsVM.swift in Sources */ = {isa = PBXBuildFile; fileRef = DC71D3A12865045C00E5E234 /* WeaponsVM.swift */; };
		DC71D3A42865047300E5E234 /* MainVM.swift in Sources */ = {isa = PBXBuildFile; fileRef = DC71D3A32865047300E5E234 /* MainVM.swift */; };
		DC71D3A7286504AB00E5E234 /* MapsVC.storyboard in Resources */ = {isa = PBXBuildFile; fileRef = DC71D3A6286504AB00E5E234 /* MapsVC.storyboard */; };
		DC71D3A9286504C200E5E234 /* MapsVC.swift in Sources */ = {isa = PBXBuildFile; fileRef = DC71D3A8286504C200E5E234 /* MapsVC.swift */; };
		DC71D3AB286504CD00E5E234 /* MapsVM.swift in Sources */ = {isa = PBXBuildFile; fileRef = DC71D3AA286504CD00E5E234 /* MapsVM.swift */; };
		DC71D3AD2865105D00E5E234 /* Character.swift in Sources */ = {isa = PBXBuildFile; fileRef = DC71D3AC2865105D00E5E234 /* Character.swift */; };
		DC71D3B0286511C800E5E234 /* Alamofire in Frameworks */ = {isa = PBXBuildFile; productRef = DC71D3AF286511C800E5E234 /* Alamofire */; };
		DCBC274528649A320000E699 /* CharacterVC.storyboard in Resources */ = {isa = PBXBuildFile; fileRef = DCBC274428649A320000E699 /* CharacterVC.storyboard */; };
		DCBC274728649A4B0000E699 /* CharacterVC.swift in Sources */ = {isa = PBXBuildFile; fileRef = DCBC274628649A4B0000E699 /* CharacterVC.swift */; };
		DCBC27492864BF220000E699 /* CharacterVM.swift in Sources */ = {isa = PBXBuildFile; fileRef = DCBC27482864BF220000E699 /* CharacterVM.swift */; };
		DCEAF3862865127700EEBCC0 /* characterNetworking.swift in Sources */ = {isa = PBXBuildFile; fileRef = DCEAF3852865127700EEBCC0 /* characterNetworking.swift */; };
/* End PBXBuildFile section */

/* Begin PBXFileReference section */
		DC3445A12866463F0005C46F /* CharacterCollectionViewCell.swift */ = {isa = PBXFileReference; lastKnownFileType = sourcecode.swift; path = CharacterCollectionViewCell.swift; sourceTree = "<group>"; };
		DC3445A22866463F0005C46F /* CharacterCollectionViewCell.xib */ = {isa = PBXFileReference; lastKnownFileType = file.xib; path = CharacterCollectionViewCell.xib; sourceTree = "<group>"; };
		DC5608E028645B270066F3AA /* CustomCell.xib */ = {isa = PBXFileReference; lastKnownFileType = file.xib; path = CustomCell.xib; sourceTree = "<group>"; };
		DC5608E728645E5A0066F3AA /* CustomCell.swift */ = {isa = PBXFileReference; lastKnownFileType = sourcecode.swift; path = CustomCell.swift; sourceTree = "<group>"; };
		DC5608EA2864606C0066F3AA /* UIViewController-Extension.swift */ = {isa = PBXFileReference; lastKnownFileType = sourcecode.swift; path = "UIViewController-Extension.swift"; sourceTree = "<group>"; };
		DC5608EF286462920066F3AA /* Router.swift */ = {isa = PBXFileReference; lastKnownFileType = sourcecode.swift; path = Router.swift; sourceTree = "<group>"; };
		DC562FBB2863D6EF00EE4B99 /* ValorantApp.app */ = {isa = PBXFileReference; explicitFileType = wrapper.application; includeInIndex = 0; path = ValorantApp.app; sourceTree = BUILT_PRODUCTS_DIR; };
		DC562FBE2863D6EF00EE4B99 /* AppDelegate.swift */ = {isa = PBXFileReference; lastKnownFileType = sourcecode.swift; path = AppDelegate.swift; sourceTree = "<group>"; };
		DC562FC02863D6EF00EE4B99 /* SceneDelegate.swift */ = {isa = PBXFileReference; lastKnownFileType = sourcecode.swift; path = SceneDelegate.swift; sourceTree = "<group>"; };
		DC562FC22863D6EF00EE4B99 /* ViewController.swift */ = {isa = PBXFileReference; lastKnownFileType = sourcecode.swift; path = ViewController.swift; sourceTree = "<group>"; };
		DC562FC52863D6EF00EE4B99 /* Base */ = {isa = PBXFileReference; lastKnownFileType = file.storyboard; name = Base; path = Base.lproj/Main.storyboard; sourceTree = "<group>"; };
		DC562FC72863D6EF00EE4B99 /* Assets.xcassets */ = {isa = PBXFileReference; lastKnownFileType = folder.assetcatalog; path = Assets.xcassets; sourceTree = "<group>"; };
		DC562FCA2863D6EF00EE4B99 /* Base */ = {isa = PBXFileReference; lastKnownFileType = file.storyboard; name = Base; path = Base.lproj/LaunchScreen.storyboard; sourceTree = "<group>"; };
		DC562FCC2863D6EF00EE4B99 /* Info.plist */ = {isa = PBXFileReference; lastKnownFileType = text.plist.xml; path = Info.plist; sourceTree = "<group>"; };
		DC71D39D2865041600E5E234 /* WeaponsVC.storyboard */ = {isa = PBXFileReference; lastKnownFileType = file.storyboard; path = WeaponsVC.storyboard; sourceTree = "<group>"; };
		DC71D39F2865043300E5E234 /* WeaponsVC.swift */ = {isa = PBXFileReference; lastKnownFileType = sourcecode.swift; path = WeaponsVC.swift; sourceTree = "<group>"; };
		DC71D3A12865045C00E5E234 /* WeaponsVM.swift */ = {isa = PBXFileReference; lastKnownFileType = sourcecode.swift; path = WeaponsVM.swift; sourceTree = "<group>"; };
		DC71D3A32865047300E5E234 /* MainVM.swift */ = {isa = PBXFileReference; lastKnownFileType = sourcecode.swift; path = MainVM.swift; sourceTree = "<group>"; };
		DC71D3A6286504AB00E5E234 /* MapsVC.storyboard */ = {isa = PBXFileReference; lastKnownFileType = file.storyboard; path = MapsVC.storyboard; sourceTree = "<group>"; };
		DC71D3A8286504C200E5E234 /* MapsVC.swift */ = {isa = PBXFileReference; lastKnownFileType = sourcecode.swift; path = MapsVC.swift; sourceTree = "<group>"; };
		DC71D3AA286504CD00E5E234 /* MapsVM.swift */ = {isa = PBXFileReference; lastKnownFileType = sourcecode.swift; path = MapsVM.swift; sourceTree = "<group>"; };
		DC71D3AC2865105D00E5E234 /* Character.swift */ = {isa = PBXFileReference; lastKnownFileType = sourcecode.swift; path = Character.swift; sourceTree = "<group>"; };
		DCBC274428649A320000E699 /* CharacterVC.storyboard */ = {isa = PBXFileReference; lastKnownFileType = file.storyboard; path = CharacterVC.storyboard; sourceTree = "<group>"; };
		DCBC274628649A4B0000E699 /* CharacterVC.swift */ = {isa = PBXFileReference; lastKnownFileType = sourcecode.swift; path = CharacterVC.swift; sourceTree = "<group>"; };
		DCBC27482864BF220000E699 /* CharacterVM.swift */ = {isa = PBXFileReference; lastKnownFileType = sourcecode.swift; path = CharacterVM.swift; sourceTree = "<group>"; };
		DCEAF3852865127700EEBCC0 /* characterNetworking.swift */ = {isa = PBXFileReference; lastKnownFileType = sourcecode.swift; path = characterNetworking.swift; sourceTree = "<group>"; };
/* End PBXFileReference section */

/* Begin PBXFrameworksBuildPhase section */
		DC562FB82863D6EF00EE4B99 /* Frameworks */ = {
			isa = PBXFrameworksBuildPhase;
			buildActionMask = 2147483647;
			files = (
				DC71D3B0286511C800E5E234 /* Alamofire in Frameworks */,
			);
			runOnlyForDeploymentPostprocessing = 0;
		};
/* End PBXFrameworksBuildPhase section */

/* Begin PBXGroup section */
		DC3445A5286646440005C46F /* CharacteCollectionView */ = {
			isa = PBXGroup;
			children = (
				DC3445A12866463F0005C46F /* CharacterCollectionViewCell.swift */,
				DC3445A22866463F0005C46F /* CharacterCollectionViewCell.xib */,
			);
			path = CharacteCollectionView;
			sourceTree = "<group>";
		};
		DC5608E228645B580066F3AA /* CustomCell */ = {
			isa = PBXGroup;
			children = (
				DC5608E028645B270066F3AA /* CustomCell.xib */,
				DC5608E728645E5A0066F3AA /* CustomCell.swift */,
			);
			path = CustomCell;
			sourceTree = "<group>";
		};
		DC5608E328645B660066F3AA /* Screen */ = {
			isa = PBXGroup;
			children = (
				DC5608E428645B740066F3AA /* Main */,
				DCBC274328649A150000E699 /* CharacterVC */,
				DC71D3A52865048200E5E234 /* MapsVC */,
				DC71D39A286503E100E5E234 /* WeaponsVC */,
			);
			path = Screen;
			sourceTree = "<group>";
		};
		DC5608E428645B740066F3AA /* Main */ = {
			isa = PBXGroup;
			children = (
				DC5608E228645B580066F3AA /* CustomCell */,
				DC562FC22863D6EF00EE4B99 /* ViewController.swift */,
				DC562FC42863D6EF00EE4B99 /* Main.storyboard */,
				DC71D3A32865047300E5E234 /* MainVM.swift */,
			);
			path = Main;
			sourceTree = "<group>";
		};
		DC5608E9286460440066F3AA /* Extensions */ = {
			isa = PBXGroup;
			children = (
				DC5608EA2864606C0066F3AA /* UIViewController-Extension.swift */,
			);
			path = Extensions;
			sourceTree = "<group>";
		};
		DC5608EC2864625A0066F3AA /* Model */ = {
			isa = PBXGroup;
			children = (
				DC71D3AC2865105D00E5E234 /* Character.swift */,
			);
			path = Model;
			sourceTree = "<group>";
		};
		DC5608ED286462600066F3AA /* Services */ = {
			isa = PBXGroup;
			children = (
				DCEAF3852865127700EEBCC0 /* characterNetworking.swift */,
			);
			path = Services;
			sourceTree = "<group>";
		};
		DC5608EE286462680066F3AA /* Other */ = {
			isa = PBXGroup;
			children = (
				DC562FC92863D6EF00EE4B99 /* LaunchScreen.storyboard */,
				DC562FC02863D6EF00EE4B99 /* SceneDelegate.swift */,
				DC562FBE2863D6EF00EE4B99 /* AppDelegate.swift */,
				DC562FC72863D6EF00EE4B99 /* Assets.xcassets */,
				DC5608EF286462920066F3AA /* Router.swift */,
			);
			path = Other;
			sourceTree = "<group>";
		};
		DC562FB22863D6EF00EE4B99 = {
			isa = PBXGroup;
			children = (
				DC562FBD2863D6EF00EE4B99 /* ValorantApp */,
				DC562FBC2863D6EF00EE4B99 /* Products */,
			);
			sourceTree = "<group>";
		};
		DC562FBC2863D6EF00EE4B99 /* Products */ = {
			isa = PBXGroup;
			children = (
				DC562FBB2863D6EF00EE4B99 /* ValorantApp.app */,
			);
			name = Products;
			sourceTree = "<group>";
		};
		DC562FBD2863D6EF00EE4B99 /* ValorantApp */ = {
			isa = PBXGroup;
			children = (
				DC5608ED286462600066F3AA /* Services */,
				DC5608EC2864625A0066F3AA /* Model */,
				DC5608E9286460440066F3AA /* Extensions */,
				DC5608E328645B660066F3AA /* Screen */,
				DC5608EE286462680066F3AA /* Other */,
				DC562FCC2863D6EF00EE4B99 /* Info.plist */,
			);
			path = ValorantApp;
			sourceTree = "<group>";
		};
		DC71D39A286503E100E5E234 /* WeaponsVC */ = {
			isa = PBXGroup;
			children = (
				DC71D39D2865041600E5E234 /* WeaponsVC.storyboard */,
				DC71D39F2865043300E5E234 /* WeaponsVC.swift */,
				DC71D3A12865045C00E5E234 /* WeaponsVM.swift */,
			);
			path = WeaponsVC;
			sourceTree = "<group>";
		};
		DC71D3A52865048200E5E234 /* MapsVC */ = {
			isa = PBXGroup;
			children = (
				DC71D3A6286504AB00E5E234 /* MapsVC.storyboard */,
				DC71D3A8286504C200E5E234 /* MapsVC.swift */,
				DC71D3AA286504CD00E5E234 /* MapsVM.swift */,
			);
			path = MapsVC;
			sourceTree = "<group>";
		};
		DCBC274328649A150000E699 /* CharacterVC */ = {
			isa = PBXGroup;
			children = (
				DC3445A5286646440005C46F /* CharacteCollectionView */,
				DCBC274428649A320000E699 /* CharacterVC.storyboard */,
				DCBC274628649A4B0000E699 /* CharacterVC.swift */,
				DCBC27482864BF220000E699 /* CharacterVM.swift */,
			);
			path = CharacterVC;
			sourceTree = "<group>";
		};
/* End PBXGroup section */

/* Begin PBXNativeTarget section */
		DC562FBA2863D6EF00EE4B99 /* ValorantApp */ = {
			isa = PBXNativeTarget;
			buildConfigurationList = DC562FCF2863D6EF00EE4B99 /* Build configuration list for PBXNativeTarget "ValorantApp" */;
			buildPhases = (
				DC562FB72863D6EF00EE4B99 /* Sources */,
				DC562FB82863D6EF00EE4B99 /* Frameworks */,
				DC562FB92863D6EF00EE4B99 /* Resources */,
			);
			buildRules = (
			);
			dependencies = (
			);
			name = ValorantApp;
			packageProductDependencies = (
				DC71D3AF286511C800E5E234 /* Alamofire */,
			);
			productName = ValorantApp;
			productReference = DC562FBB2863D6EF00EE4B99 /* ValorantApp.app */;
			productType = "com.apple.product-type.application";
		};
/* End PBXNativeTarget section */

/* Begin PBXProject section */
		DC562FB32863D6EF00EE4B99 /* Project object */ = {
			isa = PBXProject;
			attributes = {
				BuildIndependentTargetsInParallel = 1;
				LastSwiftUpdateCheck = 1340;
				LastUpgradeCheck = 1340;
				TargetAttributes = {
					DC562FBA2863D6EF00EE4B99 = {
						CreatedOnToolsVersion = 13.4.1;
					};
				};
			};
			buildConfigurationList = DC562FB62863D6EF00EE4B99 /* Build configuration list for PBXProject "ValorantApp" */;
			compatibilityVersion = "Xcode 13.0";
			developmentRegion = en;
			hasScannedForEncodings = 0;
			knownRegions = (
				en,
				Base,
			);
			mainGroup = DC562FB22863D6EF00EE4B99;
			packageReferences = (
				DC71D3AE286511C800E5E234 /* XCRemoteSwiftPackageReference "Alamofire" */,
			);
			productRefGroup = DC562FBC2863D6EF00EE4B99 /* Products */;
			projectDirPath = "";
			projectRoot = "";
			targets = (
				DC562FBA2863D6EF00EE4B99 /* ValorantApp */,
			);
		};
/* End PBXProject section */

/* Begin PBXResourcesBuildPhase section */
		DC562FB92863D6EF00EE4B99 /* Resources */ = {
			isa = PBXResourcesBuildPhase;
			buildActionMask = 2147483647;
			files = (
				DC71D3A7286504AB00E5E234 /* MapsVC.storyboard in Resources */,
				DC562FCB2863D6EF00EE4B99 /* LaunchScreen.storyboard in Resources */,
				DCBC274528649A320000E699 /* CharacterVC.storyboard in Resources */,
				DC71D39E2865041600E5E234 /* WeaponsVC.storyboard in Resources */,
				DC3445A42866463F0005C46F /* CharacterCollectionViewCell.xib in Resources */,
				DC562FC82863D6EF00EE4B99 /* Assets.xcassets in Resources */,
				DC5608E128645B270066F3AA /* CustomCell.xib in Resources */,
				DC562FC62863D6EF00EE4B99 /* Main.storyboard in Resources */,
			);
			runOnlyForDeploymentPostprocessing = 0;
		};
/* End PBXResourcesBuildPhase section */

/* Begin PBXSourcesBuildPhase section */
		DC562FB72863D6EF00EE4B99 /* Sources */ = {
			isa = PBXSourcesBuildPhase;
			buildActionMask = 2147483647;
			files = (
				DC3445A32866463F0005C46F /* CharacterCollectionViewCell.swift in Sources */,
				DC562FC32863D6EF00EE4B99 /* ViewController.swift in Sources */,
				DC71D3A22865045C00E5E234 /* WeaponsVM.swift in Sources */,
				DC71D3A02865043300E5E234 /* WeaponsVC.swift in Sources */,
				DCEAF3862865127700EEBCC0 /* characterNetworking.swift in Sources */,
				DC562FBF2863D6EF00EE4B99 /* AppDelegate.swift in Sources */,
				DC5608E828645E5A0066F3AA /* CustomCell.swift in Sources */,
				DC71D3A9286504C200E5E234 /* MapsVC.swift in Sources */,
				DC5608EB2864606C0066F3AA /* UIViewController-Extension.swift in Sources */,
				DCBC27492864BF220000E699 /* CharacterVM.swift in Sources */,
				DC71D3A42865047300E5E234 /* MainVM.swift in Sources */,
				DC71D3AD2865105D00E5E234 /* Character.swift in Sources */,
				DC5608F0286462920066F3AA /* Router.swift in Sources */,
				DCBC274728649A4B0000E699 /* CharacterVC.swift in Sources */,
				DC71D3AB286504CD00E5E234 /* MapsVM.swift in Sources */,
				DC562FC12863D6EF00EE4B99 /* SceneDelegate.swift in Sources */,
			);
			runOnlyForDeploymentPostprocessing = 0;
		};
/* End PBXSourcesBuildPhase section */

/* Begin PBXVariantGroup section */
		DC562FC42863D6EF00EE4B99 /* Main.storyboard */ = {
			isa = PBXVariantGroup;
			children = (
				DC562FC52863D6EF00EE4B99 /* Base */,
			);
			name = Main.storyboard;
			sourceTree = "<group>";
		};
		DC562FC92863D6EF00EE4B99 /* LaunchScreen.storyboard */ = {
			isa = PBXVariantGroup;
			children = (
				DC562FCA2863D6EF00EE4B99 /* Base */,
			);
			name = LaunchScreen.storyboard;
			sourceTree = "<group>";
		};
/* End PBXVariantGroup section */

/* Begin XCBuildConfiguration section */
		DC562FCD2863D6EF00EE4B99 /* Debug */ = {
			isa = XCBuildConfiguration;
			buildSettings = {
				ALWAYS_SEARCH_USER_PATHS = NO;
				CLANG_ANALYZER_NONNULL = YES;
				CLANG_ANALYZER_NUMBER_OBJECT_CONVERSION = YES_AGGRESSIVE;
				CLANG_CXX_LANGUAGE_STANDARD = "gnu++17";
				CLANG_ENABLE_MODULES = YES;
				CLANG_ENABLE_OBJC_ARC = YES;
				CLANG_ENABLE_OBJC_WEAK = YES;
				CLANG_WARN_BLOCK_CAPTURE_AUTORELEASING = YES;
				CLANG_WARN_BOOL_CONVERSION = YES;
				CLANG_WARN_COMMA = YES;
				CLANG_WARN_CONSTANT_CONVERSION = YES;
				CLANG_WARN_DEPRECATED_OBJC_IMPLEMENTATIONS = YES;
				CLANG_WARN_DIRECT_OBJC_ISA_USAGE = YES_ERROR;
				CLANG_WARN_DOCUMENTATION_COMMENTS = YES;
				CLANG_WARN_EMPTY_BODY = YES;
				CLANG_WARN_ENUM_CONVERSION = YES;
				CLANG_WARN_INFINITE_RECURSION = YES;
				CLANG_WARN_INT_CONVERSION = YES;
				CLANG_WARN_NON_LITERAL_NULL_CONVERSION = YES;
				CLANG_WARN_OBJC_IMPLICIT_RETAIN_SELF = YES;
				CLANG_WARN_OBJC_LITERAL_CONVERSION = YES;
				CLANG_WARN_OBJC_ROOT_CLASS = YES_ERROR;
				CLANG_WARN_QUOTED_INCLUDE_IN_FRAMEWORK_HEADER = YES;
				CLANG_WARN_RANGE_LOOP_ANALYSIS = YES;
				CLANG_WARN_STRICT_PROTOTYPES = YES;
				CLANG_WARN_SUSPICIOUS_MOVE = YES;
				CLANG_WARN_UNGUARDED_AVAILABILITY = YES_AGGRESSIVE;
				CLANG_WARN_UNREACHABLE_CODE = YES;
				CLANG_WARN__DUPLICATE_METHOD_MATCH = YES;
				COPY_PHASE_STRIP = NO;
				DEBUG_INFORMATION_FORMAT = dwarf;
				ENABLE_STRICT_OBJC_MSGSEND = YES;
				ENABLE_TESTABILITY = YES;
				GCC_C_LANGUAGE_STANDARD = gnu11;
				GCC_DYNAMIC_NO_PIC = NO;
				GCC_NO_COMMON_BLOCKS = YES;
				GCC_OPTIMIZATION_LEVEL = 0;
				GCC_PREPROCESSOR_DEFINITIONS = (
					"DEBUG=1",
					"$(inherited)",
				);
				GCC_WARN_64_TO_32_BIT_CONVERSION = YES;
				GCC_WARN_ABOUT_RETURN_TYPE = YES_ERROR;
				GCC_WARN_UNDECLARED_SELECTOR = YES;
				GCC_WARN_UNINITIALIZED_AUTOS = YES_AGGRESSIVE;
				GCC_WARN_UNUSED_FUNCTION = YES;
				GCC_WARN_UNUSED_VARIABLE = YES;
				IPHONEOS_DEPLOYMENT_TARGET = 15.5;
				MTL_ENABLE_DEBUG_INFO = INCLUDE_SOURCE;
				MTL_FAST_MATH = YES;
				ONLY_ACTIVE_ARCH = YES;
				SDKROOT = iphoneos;
				SWIFT_ACTIVE_COMPILATION_CONDITIONS = DEBUG;
				SWIFT_OPTIMIZATION_LEVEL = "-Onone";
			};
			name = Debug;
		};
		DC562FCE2863D6EF00EE4B99 /* Release */ = {
			isa = XCBuildConfiguration;
			buildSettings = {
				ALWAYS_SEARCH_USER_PATHS = NO;
				CLANG_ANALYZER_NONNULL = YES;
				CLANG_ANALYZER_NUMBER_OBJECT_CONVERSION = YES_AGGRESSIVE;
				CLANG_CXX_LANGUAGE_STANDARD = "gnu++17";
				CLANG_ENABLE_MODULES = YES;
				CLANG_ENABLE_OBJC_ARC = YES;
				CLANG_ENABLE_OBJC_WEAK = YES;
				CLANG_WARN_BLOCK_CAPTURE_AUTORELEASING = YES;
				CLANG_WARN_BOOL_CONVERSION = YES;
				CLANG_WARN_COMMA = YES;
				CLANG_WARN_CONSTANT_CONVERSION = YES;
				CLANG_WARN_DEPRECATED_OBJC_IMPLEMENTATIONS = YES;
				CLANG_WARN_DIRECT_OBJC_ISA_USAGE = YES_ERROR;
				CLANG_WARN_DOCUMENTATION_COMMENTS = YES;
				CLANG_WARN_EMPTY_BODY = YES;
				CLANG_WARN_ENUM_CONVERSION = YES;
				CLANG_WARN_INFINITE_RECURSION = YES;
				CLANG_WARN_INT_CONVERSION = YES;
				CLANG_WARN_NON_LITERAL_NULL_CONVERSION = YES;
				CLANG_WARN_OBJC_IMPLICIT_RETAIN_SELF = YES;
				CLANG_WARN_OBJC_LITERAL_CONVERSION = YES;
				CLANG_WARN_OBJC_ROOT_CLASS = YES_ERROR;
				CLANG_WARN_QUOTED_INCLUDE_IN_FRAMEWORK_HEADER = YES;
				CLANG_WARN_RANGE_LOOP_ANALYSIS = YES;
				CLANG_WARN_STRICT_PROTOTYPES = YES;
				CLANG_WARN_SUSPICIOUS_MOVE = YES;
				CLANG_WARN_UNGUARDED_AVAILABILITY = YES_AGGRESSIVE;
				CLANG_WARN_UNREACHABLE_CODE = YES;
				CLANG_WARN__DUPLICATE_METHOD_MATCH = YES;
				COPY_PHASE_STRIP = NO;
				DEBUG_INFORMATION_FORMAT = "dwarf-with-dsym";
				ENABLE_NS_ASSERTIONS = NO;
				ENABLE_STRICT_OBJC_MSGSEND = YES;
				GCC_C_LANGUAGE_STANDARD = gnu11;
				GCC_NO_COMMON_BLOCKS = YES;
				GCC_WARN_64_TO_32_BIT_CONVERSION = YES;
				GCC_WARN_ABOUT_RETURN_TYPE = YES_ERROR;
				GCC_WARN_UNDECLARED_SELECTOR = YES;
				GCC_WARN_UNINITIALIZED_AUTOS = YES_AGGRESSIVE;
				GCC_WARN_UNUSED_FUNCTION = YES;
				GCC_WARN_UNUSED_VARIABLE = YES;
				IPHONEOS_DEPLOYMENT_TARGET = 15.5;
				MTL_ENABLE_DEBUG_INFO = NO;
				MTL_FAST_MATH = YES;
				SDKROOT = iphoneos;
				SWIFT_COMPILATION_MODE = wholemodule;
				SWIFT_OPTIMIZATION_LEVEL = "-O";
				VALIDATE_PRODUCT = YES;
			};
			name = Release;
		};
		DC562FD02863D6EF00EE4B99 /* Debug */ = {
			isa = XCBuildConfiguration;
			buildSettings = {
				ASSETCATALOG_COMPILER_APPICON_NAME = AppIcon;
				ASSETCATALOG_COMPILER_GLOBAL_ACCENT_COLOR_NAME = AccentColor;
				CODE_SIGN_STYLE = Automatic;
				CURRENT_PROJECT_VERSION = 1;
				DEVELOPMENT_TEAM = NVN42XWXC5;
				GENERATE_INFOPLIST_FILE = YES;
				INFOPLIST_FILE = ValorantApp/Info.plist;
				INFOPLIST_KEY_UIApplicationSupportsIndirectInputEvents = YES;
				INFOPLIST_KEY_UILaunchStoryboardName = LaunchScreen;
				INFOPLIST_KEY_UIMainStoryboardFile = Main;
				INFOPLIST_KEY_UISupportedInterfaceOrientations_iPad = "UIInterfaceOrientationPortrait UIInterfaceOrientationPortraitUpsideDown UIInterfaceOrientationLandscapeLeft UIInterfaceOrientationLandscapeRight";
				INFOPLIST_KEY_UISupportedInterfaceOrientations_iPhone = "UIInterfaceOrientationPortrait UIInterfaceOrientationLandscapeLeft UIInterfaceOrientationLandscapeRight";
				LD_RUNPATH_SEARCH_PATHS = (
					"$(inherited)",
					"@executable_path/Frameworks",
				);
				MARKETING_VERSION = 1.0;
				PRODUCT_BUNDLE_IDENTIFIER = com.furkanerzurumlu.ValorantApp;
				PRODUCT_NAME = "$(TARGET_NAME)";
				SWIFT_EMIT_LOC_STRINGS = YES;
				SWIFT_VERSION = 5.0;
				TARGETED_DEVICE_FAMILY = "1,2";
			};
			name = Debug;
		};
		DC562FD12863D6EF00EE4B99 /* Release */ = {
			isa = XCBuildConfiguration;
			buildSettings = {
				ASSETCATALOG_COMPILER_APPICON_NAME = AppIcon;
				ASSETCATALOG_COMPILER_GLOBAL_ACCENT_COLOR_NAME = AccentColor;
				CODE_SIGN_STYLE = Automatic;
				CURRENT_PROJECT_VERSION = 1;
				DEVELOPMENT_TEAM = NVN42XWXC5;
				GENERATE_INFOPLIST_FILE = YES;
				INFOPLIST_FILE = ValorantApp/Info.plist;
				INFOPLIST_KEY_UIApplicationSupportsIndirectInputEvents = YES;
				INFOPLIST_KEY_UILaunchStoryboardName = LaunchScreen;
				INFOPLIST_KEY_UIMainStoryboardFile = Main;
				INFOPLIST_KEY_UISupportedInterfaceOrientations_iPad = "UIInterfaceOrientationPortrait UIInterfaceOrientationPortraitUpsideDown UIInterfaceOrientationLandscapeLeft UIInterfaceOrientationLandscapeRight";
				INFOPLIST_KEY_UISupportedInterfaceOrientations_iPhone = "UIInterfaceOrientationPortrait UIInterfaceOrientationLandscapeLeft UIInterfaceOrientationLandscapeRight";
				LD_RUNPATH_SEARCH_PATHS = (
					"$(inherited)",
					"@executable_path/Frameworks",
				);
				MARKETING_VERSION = 1.0;
				PRODUCT_BUNDLE_IDENTIFIER = com.furkanerzurumlu.ValorantApp;
				PRODUCT_NAME = "$(TARGET_NAME)";
				SWIFT_EMIT_LOC_STRINGS = YES;
				SWIFT_VERSION = 5.0;
				TARGETED_DEVICE_FAMILY = "1,2";
			};
			name = Release;
		};
/* End XCBuildConfiguration section */

/* Begin XCConfigurationList section */
		DC562FB62863D6EF00EE4B99 /* Build configuration list for PBXProject "ValorantApp" */ = {
			isa = XCConfigurationList;
			buildConfigurations = (
				DC562FCD2863D6EF00EE4B99 /* Debug */,
				DC562FCE2863D6EF00EE4B99 /* Release */,
			);
			defaultConfigurationIsVisible = 0;
			defaultConfigurationName = Release;
		};
		DC562FCF2863D6EF00EE4B99 /* Build configuration list for PBXNativeTarget "ValorantApp" */ = {
			isa = XCConfigurationList;
			buildConfigurations = (
				DC562FD02863D6EF00EE4B99 /* Debug */,
				DC562FD12863D6EF00EE4B99 /* Release */,
			);
			defaultConfigurationIsVisible = 0;
			defaultConfigurationName = Release;
		};
/* End XCConfigurationList section */

/* Begin XCRemoteSwiftPackageReference section */
		DC71D3AE286511C800E5E234 /* XCRemoteSwiftPackageReference "Alamofire" */ = {
			isa = XCRemoteSwiftPackageReference;
			repositoryURL = "https://github.com/Alamofire/Alamofire.git";
			requirement = {
				kind = upToNextMajorVersion;
				minimumVersion = 5.0.0;
			};
		};
/* End XCRemoteSwiftPackageReference section */

/* Begin XCSwiftPackageProductDependency section */
		DC71D3AF286511C800E5E234 /* Alamofire */ = {
			isa = XCSwiftPackageProductDependency;
			package = DC71D3AE286511C800E5E234 /* XCRemoteSwiftPackageReference "Alamofire" */;
			productName = Alamofire;
		};
/* End XCSwiftPackageProductDependency section */
	};
	rootObject = DC562FB32863D6EF00EE4B99 /* Project object */;
}
